
Microsoft Visual Studio Solution File, Format Version 12.00
# Visual Studio Version 17
VisualStudioVersion = 17.4.33027.239
MinimumVisualStudioVersion = 10.0.40219.1
Project("{FAE04EC0-301F-11D3-BF4B-00C04F79EFBC}") = "Majelis.Tools", "Majelis.Tools\Majelis.Tools.csproj", "{0C76E5A6-129C-4FA0-95A8-7C0BBF550C48}"
EndProject
Project("{FAE04EC0-301F-11D3-BF4B-00C04F79EFBC}") = "Majelis", "Majelis\Majelis.csproj", "{DDB99329-5485-43F7-82FF-AD144D5FC5B2}"
EndProject
Global
	GlobalSection(SolutionConfigurationPlatforms) = preSolution
		Debug|Any CPU = Debug|Any CPU
		Release|Any CPU = Release|Any CPU
	EndGlobalSection
	GlobalSection(ProjectConfigurationPlatforms) = postSolution
		{0C76E5A6-129C-4FA0-95A8-7C0BBF550C48}.Debug|Any CPU.ActiveCfg = Debug|Any CPU
		{0C76E5A6-129C-4FA0-95A8-7C0BBF550C48}.Debug|Any CPU.Build.0 = Debug|Any CPU
		{0C76E5A6-129C-4FA0-95A8-7C0BBF550C48}.Release|Any CPU.ActiveCfg = Release|Any CPU
		{0C76E5A6-129C-4FA0-95A8-7C0BBF550C48}.Release|Any CPU.Build.0 = Release|Any CPU
		{DDB99329-5485-43F7-82FF-AD144D5FC5B2}.Debug|Any CPU.ActiveCfg = Debug|Any CPU
		{DDB99329-5485-43F7-82FF-AD144D5FC5B2}.Debug|Any CPU.Build.0 = Debug|Any CPU
		{DDB99329-5485-43F7-82FF-AD144D5FC5B2}.Release|Any CPU.ActiveCfg = Release|Any CPU
		{DDB99329-5485-43F7-82FF-AD144D5FC5B2}.Release|Any CPU.Build.0 = Release|Any CPU
	EndGlobalSection
	GlobalSection(SolutionProperties) = preSolution
		HideSolutionNode = FALSE
	EndGlobalSection
	GlobalSection(ExtensibilityGlobals) = postSolution
		SolutionGuid = {EF49FDF6-96BB-401F-8CBA-2DF7DA46CC4E}
	EndGlobalSection
EndGlobal
